{
  "nodes": {
    "diosevka": {
      "inputs": {
        "flake-utils": "flake-utils",
        "nixpkgs": "nixpkgs",
        "npmlock2nix": "npmlock2nix"
      },
      "locked": {
        "lastModified": 1647519141,
        "narHash": "sha256-WslWfoEUvOmNz9mZhrv91ziNH9BMF77A7pbr34vq1ic=",
        "owner": "NomisIV",
        "repo": "diosevka",
        "rev": "5e118ed484389ea8d38e264f40e6a1b70f5682a7",
        "type": "github"
      },
      "original": {
        "owner": "NomisIV",
        "repo": "diosevka",
        "type": "github"
      }
    },
    "flake-utils": {
      "locked": {
        "lastModified": 1644229661,
        "narHash": "sha256-1YdnJAsNy69bpcjuoKdOYQX0YxZBiCYZo4Twxerqv7k=",
        "owner": "numtide",
        "repo": "flake-utils",
        "rev": "3cecb5b042f7f209c56ffd8371b2711a290ec797",
        "type": "github"
      },
      "original": {
        "owner": "numtide",
        "repo": "flake-utils",
        "type": "github"
      }
    },
    "nixpkgs": {
      "locked": {
        "lastModified": 1628845335,
        "narHash": "sha256-eNyOSej++O4VQ1kwDROK8379RLLQvJLJylVe3RHhDtY=",
        "owner": "NixOS",
        "repo": "nixpkgs",
        "rev": "95c7f7ed587025f4f65eaf2b623d09ff9333a963",
        "type": "github"
      },
      "original": {
        "owner": "NixOS",
        "repo": "nixpkgs",
        "type": "github"
      }
    },
    "nixpkgs_2": {
      "locked": {
        "lastModified": 1647703831,
        "narHash": "sha256-6qjgWliwYtFsEUl4/SjlUaUF9hSSfVoaRZzN6MCgslg=",
        "owner": "nixos",
        "repo": "nixpkgs",
        "rev": "35a74aa665a681b60d68e3d3400fcaa11690ee50",
        "type": "github"
      },
      "original": {
        "owner": "nixos",
        "repo": "nixpkgs",
        "type": "github"
      }
    },
    "npmlock2nix": {
      "flake": false,
      "locked": {
        "lastModified": 1645047048,
        "narHash": "sha256-5nLXWhniuFvYD45iXdqx2xS3kdPt+Uj1Z+UgjttXY4o=",
        "owner": "nix-community",
        "repo": "npmlock2nix",
        "rev": "beca8b49d2dbe9739ca45786b5a5a0f65fcb5350",
        "type": "github"
      },
      "original": {
        "owner": "nix-community",
        "repo": "npmlock2nix",
        "type": "github"
      }
    },
    "root": {
      "inputs": {
        "diosevka": "diosevka",
        "nixpkgs": "nixpkgs_2"
      }
    }
  },
  "root": "root",
  "version": 7
}
