{
  "nodes": {
    "diosevka": {
      "inputs": {
        "flake-utils": "flake-utils",
        "nixpkgs": "nixpkgs",
        "npmlock2nix": "npmlock2nix"
      },
      "locked": {
        "lastModified": 1649874683,
        "narHash": "sha256-yxnrhVnNE+sDxiJzR++no4shw6FjP5nvi2OYrTM3oqc=",
        "owner": "NomisIV",
        "repo": "diosevka",
        "rev": "2e222346149adf1884511cf966e6c677f5ad28b8",
        "type": "github"
      },
      "original": {
        "owner": "NomisIV",
        "repo": "diosevka",
        "type": "github"
      }
    },
    "flake-utils": {
      "locked": {
        "lastModified": 1649676176,
        "narHash": "sha256-OWKJratjt2RW151VUlJPRALb7OU2S5s+f0vLj4o1bHM=",
        "owner": "numtide",
        "repo": "flake-utils",
        "rev": "a4b154ebbdc88c8498a5c7b01589addc9e9cb678",
        "type": "github"
      },
      "original": {
        "owner": "numtide",
        "repo": "flake-utils",
        "type": "github"
      }
    },
    "nixpkgs": {
      "locked": {
        "lastModified": 1649768226,
        "narHash": "sha256-YQGKp2vJPobj0nFj/7I5YY1iVSqke3/eORMzRATVhoU=",
        "owner": "NixOS",
        "repo": "nixpkgs",
        "rev": "3e6f9de0dea9361d7e8244dbc50770be494f92e8",
        "type": "github"
      },
      "original": {
        "owner": "NixOS",
        "repo": "nixpkgs",
        "type": "github"
      }
    },
    "nixpkgs_2": {
      "locked": {
        "lastModified": 1650970888,
        "narHash": "sha256-K0Qk6YbkyxBbszkBKCxsLA+jrQpaecf0X8iIO8frS48=",
        "owner": "nixos",
        "repo": "nixpkgs",
        "rev": "27a62a9c603d0d832141682cb4f34964d7b48ebb",
        "type": "github"
      },
      "original": {
        "owner": "nixos",
        "ref": "nixpkgs-unstable",
        "repo": "nixpkgs",
        "type": "github"
      }
    },
    "nixpkgs_3": {
      "locked": {
        "lastModified": 1650970888,
        "narHash": "sha256-K0Qk6YbkyxBbszkBKCxsLA+jrQpaecf0X8iIO8frS48=",
        "owner": "nixos",
        "repo": "nixpkgs",
        "rev": "27a62a9c603d0d832141682cb4f34964d7b48ebb",
        "type": "github"
      },
      "original": {
        "owner": "nixos",
        "ref": "nixpkgs-unstable",
        "repo": "nixpkgs",
        "type": "github"
      }
    },
    "npmlock2nix": {
      "flake": false,
      "locked": {
        "lastModified": 1648735462,
        "narHash": "sha256-G22WBttdFoWp7E/YvGfePOc+W+ZsQGw+IwpFbAwJNeI=",
        "owner": "nix-community",
        "repo": "npmlock2nix",
        "rev": "dd2897c3a6e404446704a63f40b9a29fa0acf752",
        "type": "github"
      },
      "original": {
        "owner": "nix-community",
        "repo": "npmlock2nix",
        "type": "github"
      }
    },
    "root": {
      "inputs": {
        "diosevka": "diosevka",
        "nixpkgs": "nixpkgs_2",
        "servera": "servera"
      }
    },
    "servera": {
      "inputs": {
        "nixpkgs": "nixpkgs_3"
      },
      "locked": {
        "lastModified": 1650996073,
        "narHash": "sha256-yMBFBcX9MV7fOhu9D54MNb0L3etwfaCwwYrH4g+pT7Y=",
        "owner": "NomisIV",
        "repo": "servera",
        "rev": "19e5c4e53e62c2746d6841dc71229f5bf8449790",
        "type": "github"
      },
      "original": {
        "owner": "NomisIV",
        "repo": "servera",
        "type": "github"
      }
    }
  },
  "root": "root",
  "version": 7
}
